# THIS IS AN AUTOGENERATED FILE. DO NOT EDIT THIS FILE DIRECTLY.
# yarn lockfile v1


eventemitter2@0.4.1:
  version "0.4.1"
  resolved "https://registry.yarnpkg.com/eventemitter2/-/eventemitter2-0.4.1.tgz#6875a14c1dde52a4c9c8c7ffd033cf79679cd45b"
  integrity sha1-aHWhTB3eUqTJyMf/0DPPeWec1Fs=

hollywood@^0.1.0:
  version "0.1.0"
  resolved "https://registry.yarnpkg.com/hollywood/-/hollywood-0.1.0.tgz#f909d1fe0e0289c9bd8eddb578644fbe248f1849"
  integrity sha1-+QnR/g4Cicm9jt21eGRPviSPGEk=
  dependencies:
    eventemitter2 "0.4.1"
